Microsoft Visual Studio Solution File, Format Version 11.00
# Visual Studio 2008

Project("{F7739C26-0D08-128F-F362-0C461A5E7A4D}") = "FutureCommander", "Assembly-CSharp.csproj", "{E1234911-EAEC-9F6F-3262-173092B9E2AB}"
EndProject
Project("{F7739C26-0D08-128F-F362-0C461A5E7A4D}") = "FutureCommander", "Assembly-CSharp-Editor.csproj", "{C02E2A3B-1E09-0E44-3285-0162A6C46747}"
EndProject
Global
	GlobalSection(SolutionConfigurationPlatforms) = preSolution
		Debug|Any CPU = Debug|Any CPU
		Release|Any CPU = Release|Any CPU
	EndGlobalSection
	GlobalSection(ProjectConfigurationPlatforms) = postSolution
		{E1234911-EAEC-9F6F-3262-173092B9E2AB}.Debug|Any CPU.ActiveCfg = Debug|Any CPU
		{E1234911-EAEC-9F6F-3262-173092B9E2AB}.Debug|Any CPU.Build.0 = Debug|Any CPU
		{E1234911-EAEC-9F6F-3262-173092B9E2AB}.Release|Any CPU.ActiveCfg = Release|Any CPU
		{E1234911-EAEC-9F6F-3262-173092B9E2AB}.Release|Any CPU.Build.0 = Release|Any CPU
		{C02E2A3B-1E09-0E44-3285-0162A6C46747}.Debug|Any CPU.ActiveCfg = Debug|Any CPU
		{C02E2A3B-1E09-0E44-3285-0162A6C46747}.Debug|Any CPU.Build.0 = Debug|Any CPU
		{C02E2A3B-1E09-0E44-3285-0162A6C46747}.Release|Any CPU.ActiveCfg = Release|Any CPU
		{C02E2A3B-1E09-0E44-3285-0162A6C46747}.Release|Any CPU.Build.0 = Release|Any CPU
	EndGlobalSection
	GlobalSection(SolutionProperties) = preSolution
		HideSolutionNode = FALSE
	EndGlobalSection
	GlobalSection(MonoDevelopProperties) = preSolution
		StartupItem = Assembly-CSharp.csproj
	EndGlobalSection
EndGlobal
